
Microsoft Visual Studio Solution File, Format Version 12.00
# Visual Studio Version 17
VisualStudioVersion = 17.2.32422.2
MinimumVisualStudioVersion = 10.0.40219.1
Project("{FAE04EC0-301F-11D3-BF4B-00C04F79EFBC}") = "MassTransitMediatR", "MassTransitMediatR\MassTransitMediatR.csproj", "{93174569-82F2-48A7-8205-255A372A9206}"
EndProject
Global
	GlobalSection(SolutionConfigurationPlatforms) = preSolution
		Debug|Any CPU = Debug|Any CPU
		Release|Any CPU = Release|Any CPU
	EndGlobalSection
	GlobalSection(ProjectConfigurationPlatforms) = postSolution
		{93174569-82F2-48A7-8205-255A372A9206}.Debug|Any CPU.ActiveCfg = Debug|Any CPU
		{93174569-82F2-48A7-8205-255A372A9206}.Debug|Any CPU.Build.0 = Debug|Any CPU
		{93174569-82F2-48A7-8205-255A372A9206}.Release|Any CPU.ActiveCfg = Release|Any CPU
		{93174569-82F2-48A7-8205-255A372A9206}.Release|Any CPU.Build.0 = Release|Any CPU
	EndGlobalSection
	GlobalSection(SolutionProperties) = preSolution
		HideSolutionNode = FALSE
	EndGlobalSection
	GlobalSection(ExtensibilityGlobals) = postSolution
		SolutionGuid = {A7DD1DA5-03C1-40B8-B100-93B7DA9D51D8}
	EndGlobalSection
EndGlobal
